{
  "name": "framework-demo-views",
  "version": "1.0.0",
  "lockfileVersion": 1,
  "requires": true,
  "dependencies": {
    "underscore": {
      "version": "1.9.1",
      "resolved": "https://registry.npmjs.org/underscore/-/underscore-1.9.1.tgz",
      "integrity": "sha512-5/4etnCkd9c8gwgowi5/om/mYO5ajCaOgdzj/oW+0eQV9WxKBDZw5+ycmKmeaTXjInS/W0BzpGLo2xR2aBwZdg=="
    },
    "vue-filter": {
      "version": "0.2.5",
      "resolved": "https://registry.npmjs.org/vue-filter/-/vue-filter-0.2.5.tgz",
      "integrity": "sha512-E/0wamnxIf5YVUrdA6T1VUriLrxrSC7oXdHWJjWqgAul2IjQxCZ82QLH+RfAh5fAwy6X198sEswxi9K6byHg5g==",
      "requires": {
        "underscore": "1.9.1"
      }
    },
    "vue-truncate-filter": {
      "version": "1.1.7",
      "resolved": "https://registry.npmjs.org/vue-truncate-filter/-/vue-truncate-filter-1.1.7.tgz",
      "integrity": "sha512-kFmUDsDFIj5vArdK6hX84v80fTWJIMrsYF5keCluy9hMiaKGL8NyApnMbWavZeDod24YeYMVQ9jjd7MkRn3AAg=="
    }
  }
}
